
Microsoft Visual Studio Solution File, Format Version 12.00
# Visual Studio 14
VisualStudioVersion = 14.0.25420.1
MinimumVisualStudioVersion = 10.0.40219.1
Project("{FAE04EC0-301F-11D3-BF4B-00C04F79EFBC}") = "01.HungryGarfield", "01.HungryGarfield\01.HungryGarfield.csproj", "{A0386AF1-8497-4845-B784-3FED0ABE38C1}"
EndProject
Project("{FAE04EC0-301F-11D3-BF4B-00C04F79EFBC}") = "02.EncodedAnswers", "02.EncodedAnswers\02.EncodedAnswers.csproj", "{3133AA16-3FF3-447E-860C-3CC11278838A}"
EndProject
Global
	GlobalSection(SolutionConfigurationPlatforms) = preSolution
		Debug|Any CPU = Debug|Any CPU
		Release|Any CPU = Release|Any CPU
	EndGlobalSection
	GlobalSection(ProjectConfigurationPlatforms) = postSolution
		{A0386AF1-8497-4845-B784-3FED0ABE38C1}.Debug|Any CPU.ActiveCfg = Debug|Any CPU
		{A0386AF1-8497-4845-B784-3FED0ABE38C1}.Debug|Any CPU.Build.0 = Debug|Any CPU
		{A0386AF1-8497-4845-B784-3FED0ABE38C1}.Release|Any CPU.ActiveCfg = Release|Any CPU
		{A0386AF1-8497-4845-B784-3FED0ABE38C1}.Release|Any CPU.Build.0 = Release|Any CPU
		{3133AA16-3FF3-447E-860C-3CC11278838A}.Debug|Any CPU.ActiveCfg = Debug|Any CPU
		{3133AA16-3FF3-447E-860C-3CC11278838A}.Debug|Any CPU.Build.0 = Debug|Any CPU
		{3133AA16-3FF3-447E-860C-3CC11278838A}.Release|Any CPU.ActiveCfg = Release|Any CPU
		{3133AA16-3FF3-447E-860C-3CC11278838A}.Release|Any CPU.Build.0 = Release|Any CPU
	EndGlobalSection
	GlobalSection(SolutionProperties) = preSolution
		HideSolutionNode = FALSE
	EndGlobalSection
EndGlobal
