
Microsoft Visual Studio Solution File, Format Version 12.00
# Visual Studio 14
VisualStudioVersion = 14.0.25420.1
MinimumVisualStudioVersion = 10.0.40219.1
Project("{FAE04EC0-301F-11D3-BF4B-00C04F79EFBC}") = "01.NumbersTo100", "01.NumbersTo100\01.NumbersTo100.csproj", "{94368173-0CFE-4C8C-9579-F2DF9FD956FE}"
EndProject
Project("{FAE04EC0-301F-11D3-BF4B-00C04F79EFBC}") = "02.NumbersTo1000Ending7", "02.NumbersTo1000Ending7\02.NumbersTo1000Ending7.csproj", "{43AA1F3D-BD60-4979-94C6-63890A9F9B06}"
EndProject
Project("{FAE04EC0-301F-11D3-BF4B-00C04F79EFBC}") = "03.LatinLetters", "03.LatinLetters\03.LatinLetters.csproj", "{1FE3CE20-ADD9-402C-BB45-D536FE7AEEAD}"
EndProject
Project("{FAE04EC0-301F-11D3-BF4B-00C04F79EFBC}") = "04.SumNumbers", "04.SumNumbers\04.SumNumbers.csproj", "{C418E748-E66B-440A-8E67-D4DF5B540CE0}"
EndProject
Project("{FAE04EC0-301F-11D3-BF4B-00C04F79EFBC}") = "05.BiggestNumber", "05.BiggestNumber\05.BiggestNumber.csproj", "{25240CEE-5381-4D9A-B92E-5D0E14CDDBA4}"
EndProject
Project("{FAE04EC0-301F-11D3-BF4B-00C04F79EFBC}") = "06.SmallestNumber", "06.SmallestNumber\06.SmallestNumber.csproj", "{8D752869-6F10-47A0-8E03-7304447CC51B}"
EndProject
Project("{FAE04EC0-301F-11D3-BF4B-00C04F79EFBC}") = "07.LeftRightSum", "07.LeftRightSum\07.LeftRightSum.csproj", "{0F00112F-9158-4855-B25F-68B5A08A7C96}"
EndProject
Project("{FAE04EC0-301F-11D3-BF4B-00C04F79EFBC}") = "08.OddEvenSum", "08.OddEvenSum\08.OddEvenSum.csproj", "{5E9ABB39-92F6-4643-9905-18C2FA79D233}"
EndProject
Project("{FAE04EC0-301F-11D3-BF4B-00C04F79EFBC}") = "09.VowelSum", "09.VowelSum\09.VowelSum.csproj", "{3B282C48-6D69-4927-9A26-9F432B3D38A0}"
EndProject
Project("{FAE04EC0-301F-11D3-BF4B-00C04F79EFBC}") = "10.HalfSumElement", "10.HalfSumElement\10.HalfSumElement.csproj", "{6D6A3F59-6951-40ED-8FF0-FB06897E0C5D}"
EndProject
Project("{FAE04EC0-301F-11D3-BF4B-00C04F79EFBC}") = "11.OddEvenPositions", "11.OddEvenPositions\11.OddEvenPositions.csproj", "{3AAA5239-77A4-4BE7-BE4B-132C4D6C78F6}"
EndProject
Project("{FAE04EC0-301F-11D3-BF4B-00C04F79EFBC}") = "12.EqualPairs", "12.EqualPairs\12.EqualPairs.csproj", "{FAA41E75-8634-495B-9FD1-BBE3179A7F0F}"
EndProject
Project("{FAE04EC0-301F-11D3-BF4B-00C04F79EFBC}") = "ExamProblem04.Hospital", "ExamProblem04.Hospital\ExamProblem04.Hospital.csproj", "{DC119D56-6D4D-4989-9126-D71800D26985}"
EndProject
Global
	GlobalSection(SolutionConfigurationPlatforms) = preSolution
		Debug|Any CPU = Debug|Any CPU
		Release|Any CPU = Release|Any CPU
	EndGlobalSection
	GlobalSection(ProjectConfigurationPlatforms) = postSolution
		{94368173-0CFE-4C8C-9579-F2DF9FD956FE}.Debug|Any CPU.ActiveCfg = Debug|Any CPU
		{94368173-0CFE-4C8C-9579-F2DF9FD956FE}.Debug|Any CPU.Build.0 = Debug|Any CPU
		{94368173-0CFE-4C8C-9579-F2DF9FD956FE}.Release|Any CPU.ActiveCfg = Release|Any CPU
		{94368173-0CFE-4C8C-9579-F2DF9FD956FE}.Release|Any CPU.Build.0 = Release|Any CPU
		{43AA1F3D-BD60-4979-94C6-63890A9F9B06}.Debug|Any CPU.ActiveCfg = Debug|Any CPU
		{43AA1F3D-BD60-4979-94C6-63890A9F9B06}.Debug|Any CPU.Build.0 = Debug|Any CPU
		{43AA1F3D-BD60-4979-94C6-63890A9F9B06}.Release|Any CPU.ActiveCfg = Release|Any CPU
		{43AA1F3D-BD60-4979-94C6-63890A9F9B06}.Release|Any CPU.Build.0 = Release|Any CPU
		{1FE3CE20-ADD9-402C-BB45-D536FE7AEEAD}.Debug|Any CPU.ActiveCfg = Debug|Any CPU
		{1FE3CE20-ADD9-402C-BB45-D536FE7AEEAD}.Debug|Any CPU.Build.0 = Debug|Any CPU
		{1FE3CE20-ADD9-402C-BB45-D536FE7AEEAD}.Release|Any CPU.ActiveCfg = Release|Any CPU
		{1FE3CE20-ADD9-402C-BB45-D536FE7AEEAD}.Release|Any CPU.Build.0 = Release|Any CPU
		{C418E748-E66B-440A-8E67-D4DF5B540CE0}.Debug|Any CPU.ActiveCfg = Debug|Any CPU
		{C418E748-E66B-440A-8E67-D4DF5B540CE0}.Debug|Any CPU.Build.0 = Debug|Any CPU
		{C418E748-E66B-440A-8E67-D4DF5B540CE0}.Release|Any CPU.ActiveCfg = Release|Any CPU
		{C418E748-E66B-440A-8E67-D4DF5B540CE0}.Release|Any CPU.Build.0 = Release|Any CPU
		{25240CEE-5381-4D9A-B92E-5D0E14CDDBA4}.Debug|Any CPU.ActiveCfg = Debug|Any CPU
		{25240CEE-5381-4D9A-B92E-5D0E14CDDBA4}.Debug|Any CPU.Build.0 = Debug|Any CPU
		{25240CEE-5381-4D9A-B92E-5D0E14CDDBA4}.Release|Any CPU.ActiveCfg = Release|Any CPU
		{25240CEE-5381-4D9A-B92E-5D0E14CDDBA4}.Release|Any CPU.Build.0 = Release|Any CPU
		{8D752869-6F10-47A0-8E03-7304447CC51B}.Debug|Any CPU.ActiveCfg = Debug|Any CPU
		{8D752869-6F10-47A0-8E03-7304447CC51B}.Debug|Any CPU.Build.0 = Debug|Any CPU
		{8D752869-6F10-47A0-8E03-7304447CC51B}.Release|Any CPU.ActiveCfg = Release|Any CPU
		{8D752869-6F10-47A0-8E03-7304447CC51B}.Release|Any CPU.Build.0 = Release|Any CPU
		{0F00112F-9158-4855-B25F-68B5A08A7C96}.Debug|Any CPU.ActiveCfg = Debug|Any CPU
		{0F00112F-9158-4855-B25F-68B5A08A7C96}.Debug|Any CPU.Build.0 = Debug|Any CPU
		{0F00112F-9158-4855-B25F-68B5A08A7C96}.Release|Any CPU.ActiveCfg = Release|Any CPU
		{0F00112F-9158-4855-B25F-68B5A08A7C96}.Release|Any CPU.Build.0 = Release|Any CPU
		{5E9ABB39-92F6-4643-9905-18C2FA79D233}.Debug|Any CPU.ActiveCfg = Debug|Any CPU
		{5E9ABB39-92F6-4643-9905-18C2FA79D233}.Debug|Any CPU.Build.0 = Debug|Any CPU
		{5E9ABB39-92F6-4643-9905-18C2FA79D233}.Release|Any CPU.ActiveCfg = Release|Any CPU
		{5E9ABB39-92F6-4643-9905-18C2FA79D233}.Release|Any CPU.Build.0 = Release|Any CPU
		{3B282C48-6D69-4927-9A26-9F432B3D38A0}.Debug|Any CPU.ActiveCfg = Debug|Any CPU
		{3B282C48-6D69-4927-9A26-9F432B3D38A0}.Debug|Any CPU.Build.0 = Debug|Any CPU
		{3B282C48-6D69-4927-9A26-9F432B3D38A0}.Release|Any CPU.ActiveCfg = Release|Any CPU
		{3B282C48-6D69-4927-9A26-9F432B3D38A0}.Release|Any CPU.Build.0 = Release|Any CPU
		{6D6A3F59-6951-40ED-8FF0-FB06897E0C5D}.Debug|Any CPU.ActiveCfg = Debug|Any CPU
		{6D6A3F59-6951-40ED-8FF0-FB06897E0C5D}.Debug|Any CPU.Build.0 = Debug|Any CPU
		{6D6A3F59-6951-40ED-8FF0-FB06897E0C5D}.Release|Any CPU.ActiveCfg = Release|Any CPU
		{6D6A3F59-6951-40ED-8FF0-FB06897E0C5D}.Release|Any CPU.Build.0 = Release|Any CPU
		{3AAA5239-77A4-4BE7-BE4B-132C4D6C78F6}.Debug|Any CPU.ActiveCfg = Debug|Any CPU
		{3AAA5239-77A4-4BE7-BE4B-132C4D6C78F6}.Debug|Any CPU.Build.0 = Debug|Any CPU
		{3AAA5239-77A4-4BE7-BE4B-132C4D6C78F6}.Release|Any CPU.ActiveCfg = Release|Any CPU
		{3AAA5239-77A4-4BE7-BE4B-132C4D6C78F6}.Release|Any CPU.Build.0 = Release|Any CPU
		{FAA41E75-8634-495B-9FD1-BBE3179A7F0F}.Debug|Any CPU.ActiveCfg = Debug|Any CPU
		{FAA41E75-8634-495B-9FD1-BBE3179A7F0F}.Debug|Any CPU.Build.0 = Debug|Any CPU
		{FAA41E75-8634-495B-9FD1-BBE3179A7F0F}.Release|Any CPU.ActiveCfg = Release|Any CPU
		{FAA41E75-8634-495B-9FD1-BBE3179A7F0F}.Release|Any CPU.Build.0 = Release|Any CPU
		{DC119D56-6D4D-4989-9126-D71800D26985}.Debug|Any CPU.ActiveCfg = Debug|Any CPU
		{DC119D56-6D4D-4989-9126-D71800D26985}.Debug|Any CPU.Build.0 = Debug|Any CPU
		{DC119D56-6D4D-4989-9126-D71800D26985}.Release|Any CPU.ActiveCfg = Release|Any CPU
		{DC119D56-6D4D-4989-9126-D71800D26985}.Release|Any CPU.Build.0 = Release|Any CPU
	EndGlobalSection
	GlobalSection(SolutionProperties) = preSolution
		HideSolutionNode = FALSE
	EndGlobalSection
EndGlobal
